# This file is generated by running "yarn install" inside your project.
# Manual changes might be lost - proceed with caution!

__metadata:
  version: 6
  cacheKey: 8

"@deathbeds/nbconvert-a11y@workspace:.":
  version: 0.0.0-use.local
  resolution: "@deathbeds/nbconvert-a11y@workspace:."
  dependencies:
    axe-core: ^4.8.2
  languageName: unknown
  linkType: soft

"axe-core@npm:^4.8.2":
  version: 4.8.2
  resolution: "axe-core@npm:4.8.2"
  checksum: 8c19f507dabfcb8514e4280c7fc66e85143be303ddb57ec9f119338021228dc9b80560993938003837bda415fde7c07bba3a96560008ffa5f4145a248ed8f5fe
  languageName: node
  linkType: hard
